
Microsoft Visual Studio Solution File, Format Version 12.00
# Visual Studio 15
VisualStudioVersion = 15.0.28010.2016
MinimumVisualStudioVersion = 10.0.40219.1
Project("{FAE04EC0-301F-11D3-BF4B-00C04F79EFBC}") = "AngularWebApiCRUD", "AngularWebApiCRUD\AngularWebApiCRUD.csproj", "{EA3E97B1-4D46-4045-973C-0433EF809E16}"
EndProject
Global
	GlobalSection(SolutionConfigurationPlatforms) = preSolution
		Debug|Any CPU = Debug|Any CPU
		Release|Any CPU = Release|Any CPU
	EndGlobalSection
	GlobalSection(ProjectConfigurationPlatforms) = postSolution
		{EA3E97B1-4D46-4045-973C-0433EF809E16}.Debug|Any CPU.ActiveCfg = Debug|Any CPU
		{EA3E97B1-4D46-4045-973C-0433EF809E16}.Debug|Any CPU.Build.0 = Debug|Any CPU
		{EA3E97B1-4D46-4045-973C-0433EF809E16}.Release|Any CPU.ActiveCfg = Release|Any CPU
		{EA3E97B1-4D46-4045-973C-0433EF809E16}.Release|Any CPU.Build.0 = Release|Any CPU
	EndGlobalSection
	GlobalSection(SolutionProperties) = preSolution
		HideSolutionNode = FALSE
	EndGlobalSection
	GlobalSection(ExtensibilityGlobals) = postSolution
		SolutionGuid = {89E9CA0A-FA1E-4184-AE05-8515DFC12A9B}
	EndGlobalSection
EndGlobal
